// !$*UTF8*$!
{
	archiveVersion = 1;
	classes = {
	};
	objectVersion = 51;
	objects = {

/* Begin PBXBuildFile section */
		415B475BA2BCED62D0BCE021 /* Pods_TodosApp.framework in Frameworks */ = {isa = PBXBuildFile; fileRef = 548709E6F15B62FC63D131DE /* Pods_TodosApp.framework */; };
		511A05E02330B040000BD3ED /* TodoViewModel.swift in Sources */ = {isa = PBXBuildFile; fileRef = 511A05DF2330B040000BD3ED /* TodoViewModel.swift */; };
		5164F2502330F5DA00D24A7C /* TodoCell.swift in Sources */ = {isa = PBXBuildFile; fileRef = 5164F24E2330F5DA00D24A7C /* TodoCell.swift */; };
		5164F2512330F5DA00D24A7C /* TodoCell.xib in Resources */ = {isa = PBXBuildFile; fileRef = 5164F24F2330F5DA00D24A7C /* TodoCell.xib */; };
		517A34CB232921E100F357A0 /* AppDelegate.swift in Sources */ = {isa = PBXBuildFile; fileRef = 517A34CA232921E100F357A0 /* AppDelegate.swift */; };
		517A34D0232921E100F357A0 /* Main.storyboard in Resources */ = {isa = PBXBuildFile; fileRef = 517A34CE232921E100F357A0 /* Main.storyboard */; };
		517A34D3232921E100F357A0 /* TodosApp.xcdatamodeld in Sources */ = {isa = PBXBuildFile; fileRef = 517A34D1232921E100F357A0 /* TodosApp.xcdatamodeld */; };
		517A34D5232921E200F357A0 /* Assets.xcassets in Resources */ = {isa = PBXBuildFile; fileRef = 517A34D4232921E200F357A0 /* Assets.xcassets */; };
		517A34D8232921E200F357A0 /* LaunchScreen.storyboard in Resources */ = {isa = PBXBuildFile; fileRef = 517A34D6232921E200F357A0 /* LaunchScreen.storyboard */; };
		517A34E0232925E400F357A0 /* API_manager.swift in Sources */ = {isa = PBXBuildFile; fileRef = 517A34DF232925E400F357A0 /* API_manager.swift */; };
		517A34E8232A244600F357A0 /* TodosTableViewController.swift in Sources */ = {isa = PBXBuildFile; fileRef = 517A34E7232A244600F357A0 /* TodosTableViewController.swift */; };
		517A34EE232A3A3000F357A0 /* Todo+CoreDataClass.swift in Sources */ = {isa = PBXBuildFile; fileRef = 517A34EC232A3A3000F357A0 /* Todo+CoreDataClass.swift */; };
		517A34EF232A3A3000F357A0 /* Todo+CoreDataProperties.swift in Sources */ = {isa = PBXBuildFile; fileRef = 517A34ED232A3A3000F357A0 /* Todo+CoreDataProperties.swift */; };
		517A34F2232A49BB00F357A0 /* CoreDataStack.swift in Sources */ = {isa = PBXBuildFile; fileRef = 517A34F1232A49BB00F357A0 /* CoreDataStack.swift */; };
		D25E204C2332A89100B1B77C /* NewTodoViewController.swift in Sources */ = {isa = PBXBuildFile; fileRef = D25E204B2332A89100B1B77C /* NewTodoViewController.swift */; };
/* End PBXBuildFile section */

/* Begin PBXFileReference section */
		511A05DF2330B040000BD3ED /* TodoViewModel.swift */ = {isa = PBXFileReference; lastKnownFileType = sourcecode.swift; path = TodoViewModel.swift; sourceTree = "<group>"; };
		5164F24E2330F5DA00D24A7C /* TodoCell.swift */ = {isa = PBXFileReference; lastKnownFileType = sourcecode.swift; path = TodoCell.swift; sourceTree = "<group>"; };
		5164F24F2330F5DA00D24A7C /* TodoCell.xib */ = {isa = PBXFileReference; lastKnownFileType = file.xib; path = TodoCell.xib; sourceTree = "<group>"; };
		517A34C7232921E100F357A0 /* TodosApp.app */ = {isa = PBXFileReference; explicitFileType = wrapper.application; includeInIndex = 0; path = TodosApp.app; sourceTree = BUILT_PRODUCTS_DIR; };
		517A34CA232921E100F357A0 /* AppDelegate.swift */ = {isa = PBXFileReference; lastKnownFileType = sourcecode.swift; path = AppDelegate.swift; sourceTree = "<group>"; };
		517A34CF232921E100F357A0 /* Base */ = {isa = PBXFileReference; lastKnownFileType = file.storyboard; name = Base; path = Base.lproj/Main.storyboard; sourceTree = "<group>"; };
		517A34D2232921E100F357A0 /* TodosApp.xcdatamodel */ = {isa = PBXFileReference; lastKnownFileType = wrapper.xcdatamodel; path = TodosApp.xcdatamodel; sourceTree = "<group>"; };
		517A34D4232921E200F357A0 /* Assets.xcassets */ = {isa = PBXFileReference; lastKnownFileType = folder.assetcatalog; path = Assets.xcassets; sourceTree = "<group>"; };
		517A34D7232921E200F357A0 /* Base */ = {isa = PBXFileReference; lastKnownFileType = file.storyboard; name = Base; path = Base.lproj/LaunchScreen.storyboard; sourceTree = "<group>"; };
		517A34D9232921E200F357A0 /* Info.plist */ = {isa = PBXFileReference; lastKnownFileType = text.plist.xml; path = Info.plist; sourceTree = "<group>"; };
		517A34DF232925E400F357A0 /* API_manager.swift */ = {isa = PBXFileReference; lastKnownFileType = sourcecode.swift; path = API_manager.swift; sourceTree = "<group>"; };
		517A34E7232A244600F357A0 /* TodosTableViewController.swift */ = {isa = PBXFileReference; lastKnownFileType = sourcecode.swift; path = TodosTableViewController.swift; sourceTree = "<group>"; };
		517A34EC232A3A3000F357A0 /* Todo+CoreDataClass.swift */ = {isa = PBXFileReference; lastKnownFileType = sourcecode.swift; path = "Todo+CoreDataClass.swift"; sourceTree = "<group>"; };
		517A34ED232A3A3000F357A0 /* Todo+CoreDataProperties.swift */ = {isa = PBXFileReference; lastKnownFileType = sourcecode.swift; path = "Todo+CoreDataProperties.swift"; sourceTree = "<group>"; };
		517A34F1232A49BB00F357A0 /* CoreDataStack.swift */ = {isa = PBXFileReference; lastKnownFileType = sourcecode.swift; path = CoreDataStack.swift; sourceTree = "<group>"; };
		548709E6F15B62FC63D131DE /* Pods_TodosApp.framework */ = {isa = PBXFileReference; explicitFileType = wrapper.framework; includeInIndex = 0; path = Pods_TodosApp.framework; sourceTree = BUILT_PRODUCTS_DIR; };
		57F02CB68ABEE95DD20FBC49 /* Pods-TodosApp.release.xcconfig */ = {isa = PBXFileReference; includeInIndex = 1; lastKnownFileType = text.xcconfig; name = "Pods-TodosApp.release.xcconfig"; path = "Target Support Files/Pods-TodosApp/Pods-TodosApp.release.xcconfig"; sourceTree = "<group>"; };
		D25E204B2332A89100B1B77C /* NewTodoViewController.swift */ = {isa = PBXFileReference; lastKnownFileType = sourcecode.swift; path = NewTodoViewController.swift; sourceTree = "<group>"; };
		EED608E782338F52C25BFE55 /* Pods-TodosApp.debug.xcconfig */ = {isa = PBXFileReference; includeInIndex = 1; lastKnownFileType = text.xcconfig; name = "Pods-TodosApp.debug.xcconfig"; path = "Target Support Files/Pods-TodosApp/Pods-TodosApp.debug.xcconfig"; sourceTree = "<group>"; };
/* End PBXFileReference section */

/* Begin PBXFrameworksBuildPhase section */
		517A34C4232921E100F357A0 /* Frameworks */ = {
			isa = PBXFrameworksBuildPhase;
			buildActionMask = 2147483647;
			files = (
				415B475BA2BCED62D0BCE021 /* Pods_TodosApp.framework in Frameworks */,
			);
			runOnlyForDeploymentPostprocessing = 0;
		};
/* End PBXFrameworksBuildPhase section */

/* Begin PBXGroup section */
		2F9D5C0219281988FD47C363 /* Pods */ = {
			isa = PBXGroup;
			children = (
				EED608E782338F52C25BFE55 /* Pods-TodosApp.debug.xcconfig */,
				57F02CB68ABEE95DD20FBC49 /* Pods-TodosApp.release.xcconfig */,
			);
			path = Pods;
			sourceTree = "<group>";
		};
		511A05DE2330B016000BD3ED /* VIEWMODEL */ = {
			isa = PBXGroup;
			children = (
				511A05DF2330B040000BD3ED /* TodoViewModel.swift */,
			);
			path = VIEWMODEL;
			sourceTree = "<group>";
		};
		511A05E12330E931000BD3ED /* VIEWS */ = {
			isa = PBXGroup;
			children = (
				517A34E7232A244600F357A0 /* TodosTableViewController.swift */,
				5164F24E2330F5DA00D24A7C /* TodoCell.swift */,
				5164F24F2330F5DA00D24A7C /* TodoCell.xib */,
				D25E204B2332A89100B1B77C /* NewTodoViewController.swift */,
			);
			path = VIEWS;
			sourceTree = "<group>";
		};
		517A34BE232921E100F357A0 = {
			isa = PBXGroup;
			children = (
				517A34C9232921E100F357A0 /* TodosApp */,
				517A34C8232921E100F357A0 /* Products */,
				2F9D5C0219281988FD47C363 /* Pods */,
				92C70AB39D520A8681A1C2A2 /* Frameworks */,
			);
			sourceTree = "<group>";
		};
		517A34C8232921E100F357A0 /* Products */ = {
			isa = PBXGroup;
			children = (
				517A34C7232921E100F357A0 /* TodosApp.app */,
			);
			name = Products;
			sourceTree = "<group>";
		};
		517A34C9232921E100F357A0 /* TodosApp */ = {
			isa = PBXGroup;
			children = (
				511A05E12330E931000BD3ED /* VIEWS */,
				511A05DE2330B016000BD3ED /* VIEWMODEL */,
				517A34F0232A3A7000F357A0 /* MODEL */,
				517A34E6232A240200F357A0 /* CONTROLLER */,
				517A34E5232A1E5000F357A0 /* API_MANAGER */,
				517A34CA232921E100F357A0 /* AppDelegate.swift */,
				517A34D4232921E200F357A0 /* Assets.xcassets */,
				517A34CE232921E100F357A0 /* Main.storyboard */,
				517A34D6232921E200F357A0 /* LaunchScreen.storyboard */,
				517A34D9232921E200F357A0 /* Info.plist */,
				517A34D1232921E100F357A0 /* TodosApp.xcdatamodeld */,
			);
			path = TodosApp;
			sourceTree = "<group>";
		};
		517A34E5232A1E5000F357A0 /* API_MANAGER */ = {
			isa = PBXGroup;
			children = (
				517A34DF232925E400F357A0 /* API_manager.swift */,
			);
			path = API_MANAGER;
			sourceTree = "<group>";
		};
		517A34E6232A240200F357A0 /* CONTROLLER */ = {
			isa = PBXGroup;
			children = (
			);
			path = CONTROLLER;
			sourceTree = "<group>";
		};
		517A34F0232A3A7000F357A0 /* MODEL */ = {
			isa = PBXGroup;
			children = (
				517A34EC232A3A3000F357A0 /* Todo+CoreDataClass.swift */,
				517A34ED232A3A3000F357A0 /* Todo+CoreDataProperties.swift */,
				517A34F1232A49BB00F357A0 /* CoreDataStack.swift */,
			);
			path = MODEL;
			sourceTree = "<group>";
		};
		92C70AB39D520A8681A1C2A2 /* Frameworks */ = {
			isa = PBXGroup;
			children = (
				548709E6F15B62FC63D131DE /* Pods_TodosApp.framework */,
			);
			name = Frameworks;
			sourceTree = "<group>";
		};
/* End PBXGroup section */

/* Begin PBXNativeTarget section */
		517A34C6232921E100F357A0 /* TodosApp */ = {
			isa = PBXNativeTarget;
			buildConfigurationList = 517A34DC232921E200F357A0 /* Build configuration list for PBXNativeTarget "TodosApp" */;
			buildPhases = (
				BC79537AFC86AE52F7C241E6 /* [CP] Check Pods Manifest.lock */,
				517A34C3232921E100F357A0 /* Sources */,
				517A34C4232921E100F357A0 /* Frameworks */,
				517A34C5232921E100F357A0 /* Resources */,
				DEB8AD9250F6016ED0666D0F /* [CP] Embed Pods Frameworks */,
			);
			buildRules = (
			);
			dependencies = (
			);
			name = TodosApp;
			productName = TodosApp;
			productReference = 517A34C7232921E100F357A0 /* TodosApp.app */;
			productType = "com.apple.product-type.application";
		};
/* End PBXNativeTarget section */

/* Begin PBXProject section */
		517A34BF232921E100F357A0 /* Project object */ = {
			isa = PBXProject;
			attributes = {
				LastSwiftUpdateCheck = 1030;
				LastUpgradeCheck = 1030;
				ORGANIZATIONNAME = maurice;
				TargetAttributes = {
					517A34C6232921E100F357A0 = {
						CreatedOnToolsVersion = 10.3;
					};
				};
			};
			buildConfigurationList = 517A34C2232921E100F357A0 /* Build configuration list for PBXProject "TodosApp" */;
			compatibilityVersion = "Xcode 9.3";
			developmentRegion = en;
			hasScannedForEncodings = 0;
			knownRegions = (
				en,
				Base,
			);
			mainGroup = 517A34BE232921E100F357A0;
			productRefGroup = 517A34C8232921E100F357A0 /* Products */;
			projectDirPath = "";
			projectRoot = "";
			targets = (
				517A34C6232921E100F357A0 /* TodosApp */,
			);
		};
/* End PBXProject section */

/* Begin PBXResourcesBuildPhase section */
		517A34C5232921E100F357A0 /* Resources */ = {
			isa = PBXResourcesBuildPhase;
			buildActionMask = 2147483647;
			files = (
				5164F2512330F5DA00D24A7C /* TodoCell.xib in Resources */,
				517A34D8232921E200F357A0 /* LaunchScreen.storyboard in Resources */,
				517A34D5232921E200F357A0 /* Assets.xcassets in Resources */,
				517A34D0232921E100F357A0 /* Main.storyboard in Resources */,
			);
			runOnlyForDeploymentPostprocessing = 0;
		};
/* End PBXResourcesBuildPhase section */

/* Begin PBXShellScriptBuildPhase section */
		BC79537AFC86AE52F7C241E6 /* [CP] Check Pods Manifest.lock */ = {
			isa = PBXShellScriptBuildPhase;
			buildActionMask = 2147483647;
			files = (
			);
			inputFileListPaths = (
			);
			inputPaths = (
				"${PODS_PODFILE_DIR_PATH}/Podfile.lock",
				"${PODS_ROOT}/Manifest.lock",
			);
			name = "[CP] Check Pods Manifest.lock";
			outputFileListPaths = (
			);
			outputPaths = (
				"$(DERIVED_FILE_DIR)/Pods-TodosApp-checkManifestLockResult.txt",
			);
			runOnlyForDeploymentPostprocessing = 0;
			shellPath = /bin/sh;
			shellScript = "diff \"${PODS_PODFILE_DIR_PATH}/Podfile.lock\" \"${PODS_ROOT}/Manifest.lock\" > /dev/null\nif [ $? != 0 ] ; then\n    # print error to STDERR\n    echo \"error: The sandbox is not in sync with the Podfile.lock. Run 'pod install' or update your CocoaPods installation.\" >&2\n    exit 1\nfi\n# This output is used by Xcode 'outputs' to avoid re-running this script phase.\necho \"SUCCESS\" > \"${SCRIPT_OUTPUT_FILE_0}\"\n";
			showEnvVarsInLog = 0;
		};
		DEB8AD9250F6016ED0666D0F /* [CP] Embed Pods Frameworks */ = {
			isa = PBXShellScriptBuildPhase;
			buildActionMask = 2147483647;
			files = (
			);
			inputFileListPaths = (
				"${PODS_ROOT}/Target Support Files/Pods-TodosApp/Pods-TodosApp-frameworks-${CONFIGURATION}-input-files.xcfilelist",
			);
			name = "[CP] Embed Pods Frameworks";
			outputFileListPaths = (
				"${PODS_ROOT}/Target Support Files/Pods-TodosApp/Pods-TodosApp-frameworks-${CONFIGURATION}-output-files.xcfilelist",
			);
			runOnlyForDeploymentPostprocessing = 0;
			shellPath = /bin/sh;
			shellScript = "\"${PODS_ROOT}/Target Support Files/Pods-TodosApp/Pods-TodosApp-frameworks.sh\"\n";
			showEnvVarsInLog = 0;
		};
/* End PBXShellScriptBuildPhase section */

/* Begin PBXSourcesBuildPhase section */
		517A34C3232921E100F357A0 /* Sources */ = {
			isa = PBXSourcesBuildPhase;
			buildActionMask = 2147483647;
			files = (
				511A05E02330B040000BD3ED /* TodoViewModel.swift in Sources */,
				517A34CB232921E100F357A0 /* AppDelegate.swift in Sources */,
				517A34E0232925E400F357A0 /* API_manager.swift in Sources */,
				D25E204C2332A89100B1B77C /* NewTodoViewController.swift in Sources */,
				517A34EF232A3A3000F357A0 /* Todo+CoreDataProperties.swift in Sources */,
				517A34E8232A244600F357A0 /* TodosTableViewController.swift in Sources */,
				517A34D3232921E100F357A0 /* TodosApp.xcdatamodeld in Sources */,
				517A34EE232A3A3000F357A0 /* Todo+CoreDataClass.swift in Sources */,
				517A34F2232A49BB00F357A0 /* CoreDataStack.swift in Sources */,
				5164F2502330F5DA00D24A7C /* TodoCell.swift in Sources */,
			);
			runOnlyForDeploymentPostprocessing = 0;
		};
/* End PBXSourcesBuildPhase section */

/* Begin PBXVariantGroup section */
		517A34CE232921E100F357A0 /* Main.storyboard */ = {
			isa = PBXVariantGroup;
			children = (
				517A34CF232921E100F357A0 /* Base */,
			);
			name = Main.storyboard;
			sourceTree = "<group>";
		};
		517A34D6232921E200F357A0 /* LaunchScreen.storyboard */ = {
			isa = PBXVariantGroup;
			children = (
				517A34D7232921E200F357A0 /* Base */,
			);
			name = LaunchScreen.storyboard;
			sourceTree = "<group>";
		};
/* End PBXVariantGroup section */

/* Begin XCBuildConfiguration section */
		517A34DA232921E200F357A0 /* Debug */ = {
			isa = XCBuildConfiguration;
			buildSettings = {
				ALWAYS_SEARCH_USER_PATHS = NO;
				CLANG_ANALYZER_NONNULL = YES;
				CLANG_ANALYZER_NUMBER_OBJECT_CONVERSION = YES_AGGRESSIVE;
				CLANG_CXX_LANGUAGE_STANDARD = "gnu++14";
				CLANG_CXX_LIBRARY = "libc++";
				CLANG_ENABLE_MODULES = YES;
				CLANG_ENABLE_OBJC_ARC = YES;
				CLANG_ENABLE_OBJC_WEAK = YES;
				CLANG_WARN_BLOCK_CAPTURE_AUTORELEASING = YES;
				CLANG_WARN_BOOL_CONVERSION = YES;
				CLANG_WARN_COMMA = YES;
				CLANG_WARN_CONSTANT_CONVERSION = YES;
				CLANG_WARN_DEPRECATED_OBJC_IMPLEMENTATIONS = YES;
				CLANG_WARN_DIRECT_OBJC_ISA_USAGE = YES_ERROR;
				CLANG_WARN_DOCUMENTATION_COMMENTS = YES;
				CLANG_WARN_EMPTY_BODY = YES;
				CLANG_WARN_ENUM_CONVERSION = YES;
				CLANG_WARN_INFINITE_RECURSION = YES;
				CLANG_WARN_INT_CONVERSION = YES;
				CLANG_WARN_NON_LITERAL_NULL_CONVERSION = YES;
				CLANG_WARN_OBJC_IMPLICIT_RETAIN_SELF = YES;
				CLANG_WARN_OBJC_LITERAL_CONVERSION = YES;
				CLANG_WARN_OBJC_ROOT_CLASS = YES_ERROR;
				CLANG_WARN_RANGE_LOOP_ANALYSIS = YES;
				CLANG_WARN_STRICT_PROTOTYPES = YES;
				CLANG_WARN_SUSPICIOUS_MOVE = YES;
				CLANG_WARN_UNGUARDED_AVAILABILITY = YES_AGGRESSIVE;
				CLANG_WARN_UNREACHABLE_CODE = YES;
				CLANG_WARN__DUPLICATE_METHOD_MATCH = YES;
				CODE_SIGN_IDENTITY = "iPhone Developer";
				COPY_PHASE_STRIP = NO;
				DEBUG_INFORMATION_FORMAT = dwarf;
				ENABLE_STRICT_OBJC_MSGSEND = YES;
				ENABLE_TESTABILITY = YES;
				GCC_C_LANGUAGE_STANDARD = gnu11;
				GCC_DYNAMIC_NO_PIC = NO;
				GCC_NO_COMMON_BLOCKS = YES;
				GCC_OPTIMIZATION_LEVEL = 0;
				GCC_PREPROCESSOR_DEFINITIONS = (
					"DEBUG=1",
					"$(inherited)",
				);
				GCC_WARN_64_TO_32_BIT_CONVERSION = YES;
				GCC_WARN_ABOUT_RETURN_TYPE = YES_ERROR;
				GCC_WARN_UNDECLARED_SELECTOR = YES;
				GCC_WARN_UNINITIALIZED_AUTOS = YES_AGGRESSIVE;
				GCC_WARN_UNUSED_FUNCTION = YES;
				GCC_WARN_UNUSED_VARIABLE = YES;
				IPHONEOS_DEPLOYMENT_TARGET = 12.4;
				MTL_ENABLE_DEBUG_INFO = INCLUDE_SOURCE;
				MTL_FAST_MATH = YES;
				ONLY_ACTIVE_ARCH = YES;
				SDKROOT = iphoneos;
				SWIFT_ACTIVE_COMPILATION_CONDITIONS = DEBUG;
				SWIFT_OPTIMIZATION_LEVEL = "-Onone";
			};
			name = Debug;
		};
		517A34DB232921E200F357A0 /* Release */ = {
			isa = XCBuildConfiguration;
			buildSettings = {
				ALWAYS_SEARCH_USER_PATHS = NO;
				CLANG_ANALYZER_NONNULL = YES;
				CLANG_ANALYZER_NUMBER_OBJECT_CONVERSION = YES_AGGRESSIVE;
				CLANG_CXX_LANGUAGE_STANDARD = "gnu++14";
				CLANG_CXX_LIBRARY = "libc++";
				CLANG_ENABLE_MODULES = YES;
				CLANG_ENABLE_OBJC_ARC = YES;
				CLANG_ENABLE_OBJC_WEAK = YES;
				CLANG_WARN_BLOCK_CAPTURE_AUTORELEASING = YES;
				CLANG_WARN_BOOL_CONVERSION = YES;
				CLANG_WARN_COMMA = YES;
				CLANG_WARN_CONSTANT_CONVERSION = YES;
				CLANG_WARN_DEPRECATED_OBJC_IMPLEMENTATIONS = YES;
				CLANG_WARN_DIRECT_OBJC_ISA_USAGE = YES_ERROR;
				CLANG_WARN_DOCUMENTATION_COMMENTS = YES;
				CLANG_WARN_EMPTY_BODY = YES;
				CLANG_WARN_ENUM_CONVERSION = YES;
				CLANG_WARN_INFINITE_RECURSION = YES;
				CLANG_WARN_INT_CONVERSION = YES;
				CLANG_WARN_NON_LITERAL_NULL_CONVERSION = YES;
				CLANG_WARN_OBJC_IMPLICIT_RETAIN_SELF = YES;
				CLANG_WARN_OBJC_LITERAL_CONVERSION = YES;
				CLANG_WARN_OBJC_ROOT_CLASS = YES_ERROR;
				CLANG_WARN_RANGE_LOOP_ANALYSIS = YES;
				CLANG_WARN_STRICT_PROTOTYPES = YES;
				CLANG_WARN_SUSPICIOUS_MOVE = YES;
				CLANG_WARN_UNGUARDED_AVAILABILITY = YES_AGGRESSIVE;
				CLANG_WARN_UNREACHABLE_CODE = YES;
				CLANG_WARN__DUPLICATE_METHOD_MATCH = YES;
				CODE_SIGN_IDENTITY = "iPhone Developer";
				COPY_PHASE_STRIP = NO;
				DEBUG_INFORMATION_FORMAT = "dwarf-with-dsym";
				ENABLE_NS_ASSERTIONS = NO;
				ENABLE_STRICT_OBJC_MSGSEND = YES;
				GCC_C_LANGUAGE_STANDARD = gnu11;
				GCC_NO_COMMON_BLOCKS = YES;
				GCC_WARN_64_TO_32_BIT_CONVERSION = YES;
				GCC_WARN_ABOUT_RETURN_TYPE = YES_ERROR;
				GCC_WARN_UNDECLARED_SELECTOR = YES;
				GCC_WARN_UNINITIALIZED_AUTOS = YES_AGGRESSIVE;
				GCC_WARN_UNUSED_FUNCTION = YES;
				GCC_WARN_UNUSED_VARIABLE = YES;
				IPHONEOS_DEPLOYMENT_TARGET = 12.4;
				MTL_ENABLE_DEBUG_INFO = NO;
				MTL_FAST_MATH = YES;
				SDKROOT = iphoneos;
				SWIFT_COMPILATION_MODE = wholemodule;
				SWIFT_OPTIMIZATION_LEVEL = "-O";
				VALIDATE_PRODUCT = YES;
			};
			name = Release;
		};
		517A34DD232921E200F357A0 /* Debug */ = {
			isa = XCBuildConfiguration;
			baseConfigurationReference = EED608E782338F52C25BFE55 /* Pods-TodosApp.debug.xcconfig */;
			buildSettings = {
				ASSETCATALOG_COMPILER_APPICON_NAME = AppIcon;
				CODE_SIGN_STYLE = Automatic;
				DEVELOPMENT_TEAM = Z6VN663KVG;
				INFOPLIST_FILE = TodosApp/Info.plist;
				IPHONEOS_DEPLOYMENT_TARGET = 11.3;
				LD_RUNPATH_SEARCH_PATHS = (
					"$(inherited)",
					"@executable_path/Frameworks",
				);
				PRODUCT_BUNDLE_IDENTIFIER = com.mauricej.TodosApp;
				PRODUCT_NAME = "$(TARGET_NAME)";
				SWIFT_VERSION = 5.0;
				TARGETED_DEVICE_FAMILY = "1,2";
			};
			name = Debug;
		};
		517A34DE232921E200F357A0 /* Release */ = {
			isa = XCBuildConfiguration;
			baseConfigurationReference = 57F02CB68ABEE95DD20FBC49 /* Pods-TodosApp.release.xcconfig */;
			buildSettings = {
				ASSETCATALOG_COMPILER_APPICON_NAME = AppIcon;
				CODE_SIGN_STYLE = Automatic;
				DEVELOPMENT_TEAM = Z6VN663KVG;
				INFOPLIST_FILE = TodosApp/Info.plist;
				IPHONEOS_DEPLOYMENT_TARGET = 11.3;
				LD_RUNPATH_SEARCH_PATHS = (
					"$(inherited)",
					"@executable_path/Frameworks",
				);
				PRODUCT_BUNDLE_IDENTIFIER = com.mauricej.TodosApp;
				PRODUCT_NAME = "$(TARGET_NAME)";
				SWIFT_VERSION = 5.0;
				TARGETED_DEVICE_FAMILY = "1,2";
			};
			name = Release;
		};
/* End XCBuildConfiguration section */

/* Begin XCConfigurationList section */
		517A34C2232921E100F357A0 /* Build configuration list for PBXProject "TodosApp" */ = {
			isa = XCConfigurationList;
			buildConfigurations = (
				517A34DA232921E200F357A0 /* Debug */,
				517A34DB232921E200F357A0 /* Release */,
			);
			defaultConfigurationIsVisible = 0;
			defaultConfigurationName = Release;
		};
		517A34DC232921E200F357A0 /* Build configuration list for PBXNativeTarget "TodosApp" */ = {
			isa = XCConfigurationList;
			buildConfigurations = (
				517A34DD232921E200F357A0 /* Debug */,
				517A34DE232921E200F357A0 /* Release */,
			);
			defaultConfigurationIsVisible = 0;
			defaultConfigurationName = Release;
		};
/* End XCConfigurationList section */

/* Begin XCVersionGroup section */
		517A34D1232921E100F357A0 /* TodosApp.xcdatamodeld */ = {
			isa = XCVersionGroup;
			children = (
				517A34D2232921E100F357A0 /* TodosApp.xcdatamodel */,
			);
			currentVersion = 517A34D2232921E100F357A0 /* TodosApp.xcdatamodel */;
			path = TodosApp.xcdatamodeld;
			sourceTree = "<group>";
			versionGroupType = wrapper.xcdatamodel;
		};
/* End XCVersionGroup section */
	};
	rootObject = 517A34BF232921E100F357A0 /* Project object */;
}
